// !$*UTF8*$!
{
	archiveVersion = 1;
	classes = {
	};
	objectVersion = 46;
	objects = {

/* Begin PBXBuildFile section */
		5E77E86E1ACF5A830006C70D /* Cocoa.framework in Frameworks */ = {isa = PBXBuildFile; fileRef = 5E77E86D1ACF5A830006C70D /* Cocoa.framework */; };
		5E77E8701ACF5A930006C70D /* OpenGL.framework in Frameworks */ = {isa = PBXBuildFile; fileRef = 5E77E86F1ACF5A930006C70D /* OpenGL.framework */; };
		5E77E87A1ACF5ADE0006C70D /* GLUT.framework in Frameworks */ = {isa = PBXBuildFile; fileRef = 5E77E8791ACF5ADE0006C70D /* GLUT.framework */; };
		5E77E87D1ACF73990006C70D /* robot.cpp in Sources */ = {isa = PBXBuildFile; fileRef = 5E77E87B1ACF73990006C70D /* robot.cpp */; };
/* End PBXBuildFile section */

/* Begin PBXCopyFilesBuildPhase section */
		5EC50D9A1ACCA0F300021BEF /* CopyFiles */ = {
			isa = PBXCopyFilesBuildPhase;
			buildActionMask = 2147483647;
			dstPath = /usr/share/man/man1/;
			dstSubfolderSpec = 0;
			files = (
			);
			runOnlyForDeploymentPostprocessing = 1;
		};
/* End PBXCopyFilesBuildPhase section */

/* Begin PBXFileReference section */
		5E77E86D1ACF5A830006C70D /* Cocoa.framework */ = {isa = PBXFileReference; lastKnownFileType = wrapper.framework; name = Cocoa.framework; path = System/Library/Frameworks/Cocoa.framework; sourceTree = SDKROOT; };
		5E77E86F1ACF5A930006C70D /* OpenGL.framework */ = {isa = PBXFileReference; lastKnownFileType = wrapper.framework; name = OpenGL.framework; path = System/Library/Frameworks/OpenGL.framework; sourceTree = SDKROOT; };
		5E77E8791ACF5ADE0006C70D /* GLUT.framework */ = {isa = PBXFileReference; lastKnownFileType = wrapper.framework; name = GLUT.framework; path = System/Library/Frameworks/GLUT.framework; sourceTree = SDKROOT; };
		5E77E87B1ACF73990006C70D /* robot.cpp */ = {isa = PBXFileReference; fileEncoding = 4; lastKnownFileType = sourcecode.cpp.cpp; path = robot.cpp; sourceTree = "<group>"; };
		5E77E87C1ACF73990006C70D /* robot.h */ = {isa = PBXFileReference; fileEncoding = 4; lastKnownFileType = sourcecode.c.h; path = robot.h; sourceTree = "<group>"; };
		5EC50D9C1ACCA0F300021BEF /* 3d-robot */ = {isa = PBXFileReference; explicitFileType = "compiled.mach-o.executable"; includeInIndex = 0; path = "3d-robot"; sourceTree = BUILT_PRODUCTS_DIR; };
/* End PBXFileReference section */

/* Begin PBXFrameworksBuildPhase section */
		5EC50D991ACCA0F300021BEF /* Frameworks */ = {
			isa = PBXFrameworksBuildPhase;
			buildActionMask = 2147483647;
			files = (
				5E77E87A1ACF5ADE0006C70D /* GLUT.framework in Frameworks */,
				5E77E8701ACF5A930006C70D /* OpenGL.framework in Frameworks */,
				5E77E86E1ACF5A830006C70D /* Cocoa.framework in Frameworks */,
			);
			runOnlyForDeploymentPostprocessing = 0;
		};
/* End PBXFrameworksBuildPhase section */

/* Begin PBXGroup section */
		5EC50D931ACCA0F300021BEF = {
			isa = PBXGroup;
			children = (
				5E77E8791ACF5ADE0006C70D /* GLUT.framework */,
				5E77E86F1ACF5A930006C70D /* OpenGL.framework */,
				5E77E86D1ACF5A830006C70D /* Cocoa.framework */,
				5EC50D9E1ACCA0F300021BEF /* 3d-robot */,
				5EC50D9D1ACCA0F300021BEF /* Products */,
			);
			sourceTree = "<group>";
		};
		5EC50D9D1ACCA0F300021BEF /* Products */ = {
			isa = PBXGroup;
			children = (
				5EC50D9C1ACCA0F300021BEF /* 3d-robot */,
			);
			name = Products;
			sourceTree = "<group>";
		};
		5EC50D9E1ACCA0F300021BEF /* 3d-robot */ = {
			isa = PBXGroup;
			children = (
				5E77E87B1ACF73990006C70D /* robot.cpp */,
				5E77E87C1ACF73990006C70D /* robot.h */,
			);
			path = "3d-robot";
			sourceTree = "<group>";
		};
/* End PBXGroup section */

/* Begin PBXNativeTarget section */
		5EC50D9B1ACCA0F300021BEF /* 3d-robot */ = {
			isa = PBXNativeTarget;
			buildConfigurationList = 5EC50DA31ACCA0F300021BEF /* Build configuration list for PBXNativeTarget "3d-robot" */;
			buildPhases = (
				5EC50D981ACCA0F300021BEF /* Sources */,
				5EC50D991ACCA0F300021BEF /* Frameworks */,
				5EC50D9A1ACCA0F300021BEF /* CopyFiles */,
			);
			buildRules = (
			);
			dependencies = (
			);
			name = "3d-robot";
			productName = "3d-robot";
			productReference = 5EC50D9C1ACCA0F300021BEF /* 3d-robot */;
			productType = "com.apple.product-type.tool";
		};
/* End PBXNativeTarget section */

/* Begin PBXProject section */
		5EC50D941ACCA0F300021BEF /* Project object */ = {
			isa = PBXProject;
			attributes = {
				LastUpgradeCheck = 0620;
				ORGANIZATIONNAME = "Maria Miller";
				TargetAttributes = {
					5EC50D9B1ACCA0F300021BEF = {
						CreatedOnToolsVersion = 6.2;
					};
				};
			};
			buildConfigurationList = 5EC50D971ACCA0F300021BEF /* Build configuration list for PBXProject "3d-robot" */;
			compatibilityVersion = "Xcode 3.2";
			developmentRegion = English;
			hasScannedForEncodings = 0;
			knownRegions = (
				en,
			);
			mainGroup = 5EC50D931ACCA0F300021BEF;
			productRefGroup = 5EC50D9D1ACCA0F300021BEF /* Products */;
			projectDirPath = "";
			projectRoot = "";
			targets = (
				5EC50D9B1ACCA0F300021BEF /* 3d-robot */,
			);
		};
/* End PBXProject section */

/* Begin PBXSourcesBuildPhase section */
		5EC50D981ACCA0F300021BEF /* Sources */ = {
			isa = PBXSourcesBuildPhase;
			buildActionMask = 2147483647;
			files = (
				5E77E87D1ACF73990006C70D /* robot.cpp in Sources */,
			);
			runOnlyForDeploymentPostprocessing = 0;
		};
/* End PBXSourcesBuildPhase section */

/* Begin XCBuildConfiguration section */
		5EC50DA11ACCA0F300021BEF /* Debug */ = {
			isa = XCBuildConfiguration;
			buildSettings = {
				ALWAYS_SEARCH_USER_PATHS = NO;
				CLANG_CXX_LANGUAGE_STANDARD = "gnu++0x";
				CLANG_CXX_LIBRARY = "libc++";
				CLANG_ENABLE_MODULES = YES;
				CLANG_ENABLE_OBJC_ARC = YES;
				CLANG_WARN_BOOL_CONVERSION = YES;
				CLANG_WARN_CONSTANT_CONVERSION = YES;
				CLANG_WARN_DIRECT_OBJC_ISA_USAGE = YES_ERROR;
				CLANG_WARN_EMPTY_BODY = YES;
				CLANG_WARN_ENUM_CONVERSION = YES;
				CLANG_WARN_INT_CONVERSION = YES;
				CLANG_WARN_OBJC_ROOT_CLASS = YES_ERROR;
				CLANG_WARN_UNREACHABLE_CODE = YES;
				CLANG_WARN__DUPLICATE_METHOD_MATCH = YES;
				COPY_PHASE_STRIP = NO;
				ENABLE_STRICT_OBJC_MSGSEND = YES;
				GCC_C_LANGUAGE_STANDARD = gnu99;
				GCC_DYNAMIC_NO_PIC = NO;
				GCC_OPTIMIZATION_LEVEL = 0;
				GCC_PREPROCESSOR_DEFINITIONS = (
					"DEBUG=1",
					"$(inherited)",
				);
				GCC_SYMBOLS_PRIVATE_EXTERN = NO;
				GCC_WARN_64_TO_32_BIT_CONVERSION = YES;
				GCC_WARN_ABOUT_RETURN_TYPE = YES_ERROR;
				GCC_WARN_INHIBIT_ALL_WARNINGS = YES;
				GCC_WARN_UNDECLARED_SELECTOR = YES;
				GCC_WARN_UNINITIALIZED_AUTOS = YES_AGGRESSIVE;
				GCC_WARN_UNUSED_FUNCTION = YES;
				GCC_WARN_UNUSED_VARIABLE = YES;
				MACOSX_DEPLOYMENT_TARGET = 10.8;
				MTL_ENABLE_DEBUG_INFO = YES;
				ONLY_ACTIVE_ARCH = YES;
				SDKROOT = macosx;
			};
			name = Debug;
		};
		5EC50DA21ACCA0F300021BEF /* Release */ = {
			isa = XCBuildConfiguration;
			buildSettings = {
				ALWAYS_SEARCH_USER_PATHS = NO;
				CLANG_CXX_LANGUAGE_STANDARD = "gnu++0x";
				CLANG_CXX_LIBRARY = "libc++";
				CLANG_ENABLE_MODULES = YES;
				CLANG_ENABLE_OBJC_ARC = YES;
				CLANG_WARN_BOOL_CONVERSION = YES;
				CLANG_WARN_CONSTANT_CONVERSION = YES;
				CLANG_WARN_DIRECT_OBJC_ISA_USAGE = YES_ERROR;
				CLANG_WARN_EMPTY_BODY = YES;
				CLANG_WARN_ENUM_CONVERSION = YES;
				CLANG_WARN_INT_CONVERSION = YES;
				CLANG_WARN_OBJC_ROOT_CLASS = YES_ERROR;
				CLANG_WARN_UNREACHABLE_CODE = YES;
				CLANG_WARN__DUPLICATE_METHOD_MATCH = YES;
				COPY_PHASE_STRIP = NO;
				DEBUG_INFORMATION_FORMAT = "dwarf-with-dsym";
				ENABLE_NS_ASSERTIONS = NO;
				ENABLE_STRICT_OBJC_MSGSEND = YES;
				GCC_C_LANGUAGE_STANDARD = gnu99;
				GCC_WARN_64_TO_32_BIT_CONVERSION = YES;
				GCC_WARN_ABOUT_RETURN_TYPE = YES_ERROR;
				GCC_WARN_INHIBIT_ALL_WARNINGS = YES;
				GCC_WARN_UNDECLARED_SELECTOR = YES;
				GCC_WARN_UNINITIALIZED_AUTOS = YES_AGGRESSIVE;
				GCC_WARN_UNUSED_FUNCTION = YES;
				GCC_WARN_UNUSED_VARIABLE = YES;
				MACOSX_DEPLOYMENT_TARGET = 10.8;
				MTL_ENABLE_DEBUG_INFO = NO;
				SDKROOT = macosx;
			};
			name = Release;
		};
		5EC50DA41ACCA0F300021BEF /* Debug */ = {
			isa = XCBuildConfiguration;
			buildSettings = {
				PRODUCT_NAME = "$(TARGET_NAME)";
			};
			name = Debug;
		};
		5EC50DA51ACCA0F300021BEF /* Release */ = {
			isa = XCBuildConfiguration;
			buildSettings = {
				PRODUCT_NAME = "$(TARGET_NAME)";
			};
			name = Release;
		};
/* End XCBuildConfiguration section */

/* Begin XCConfigurationList section */
		5EC50D971ACCA0F300021BEF /* Build configuration list for PBXProject "3d-robot" */ = {
			isa = XCConfigurationList;
			buildConfigurations = (
				5EC50DA11ACCA0F300021BEF /* Debug */,
				5EC50DA21ACCA0F300021BEF /* Release */,
			);
			defaultConfigurationIsVisible = 0;
			defaultConfigurationName = Release;
		};
		5EC50DA31ACCA0F300021BEF /* Build configuration list for PBXNativeTarget "3d-robot" */ = {
			isa = XCConfigurationList;
			buildConfigurations = (
				5EC50DA41ACCA0F300021BEF /* Debug */,
				5EC50DA51ACCA0F300021BEF /* Release */,
			);
			defaultConfigurationIsVisible = 0;
			defaultConfigurationName = Release;
		};
/* End XCConfigurationList section */
	};
	rootObject = 5EC50D941ACCA0F300021BEF /* Project object */;
}
